{
  "name": "google-icons",
  "lockfileVersion": 2,
  "requires": true,
  "packages": {
    "": {
      "dependencies": {
        "material-icons": "^1.10.11"
      }
    },
    "node_modules/material-icons": {
      "version": "1.10.11",
      "resolved": "https://registry.npmjs.org/material-icons/-/material-icons-1.10.11.tgz",
      "integrity": "sha512-A0LqelW1j8Ik/8Cf3nKaUyabFrUXaGOpK2CyJvwWuobCDHtuW5hbM4mzyu3C5e4QfC0l8CjFBaP1h5sm91sRjw=="
    }
  },
  "dependencies": {
    "material-icons": {
      "version": "1.10.11",
      "resolved": "https://registry.npmjs.org/material-icons/-/material-icons-1.10.11.tgz",
      "integrity": "sha512-A0LqelW1j8Ik/8Cf3nKaUyabFrUXaGOpK2CyJvwWuobCDHtuW5hbM4mzyu3C5e4QfC0l8CjFBaP1h5sm91sRjw=="
    }
  }
}
